
Microsoft Visual Studio Solution File, Format Version 12.00
# Visual Studio Version 17
VisualStudioVersion = 17.11.35312.102
MinimumVisualStudioVersion = 10.0.40219.1
Project("{FAE04EC0-301F-11D3-BF4B-00C04F79EFBC}") = "Robocontrol", "Robocontrol\Robocontrol.csproj", "{ABE2E3DE-EE1D-448C-AC84-9A7A715C2384}"
EndProject
Global
	GlobalSection(SolutionConfigurationPlatforms) = preSolution
		Debug|Any CPU = Debug|Any CPU
		Release|Any CPU = Release|Any CPU
	EndGlobalSection
	GlobalSection(ProjectConfigurationPlatforms) = postSolution
		{ABE2E3DE-EE1D-448C-AC84-9A7A715C2384}.Debug|Any CPU.ActiveCfg = Debug|Any CPU
		{ABE2E3DE-EE1D-448C-AC84-9A7A715C2384}.Debug|Any CPU.Build.0 = Debug|Any CPU
		{ABE2E3DE-EE1D-448C-AC84-9A7A715C2384}.Release|Any CPU.ActiveCfg = Release|Any CPU
		{ABE2E3DE-EE1D-448C-AC84-9A7A715C2384}.Release|Any CPU.Build.0 = Release|Any CPU
	EndGlobalSection
	GlobalSection(SolutionProperties) = preSolution
		HideSolutionNode = FALSE
	EndGlobalSection
	GlobalSection(ExtensibilityGlobals) = postSolution
		SolutionGuid = {8F7812F4-9A8B-47AD-9978-E19D1F818374}
	EndGlobalSection
EndGlobal
